{
    "_readme": [
        "This file locks the dependencies of your project to a known state",
        "Read more about it at https://getcomposer.org/doc/01-basic-usage.md#composer-lock-the-lock-file",
        "This file is @generated automatically"
    ],
    "hash": "c97359b7a93d33615bc56412fe0eb646",
    "content-hash": "d3fb9e7b6b981945b5bcba2593bd0287",
    "packages": [
        {
            "name": "ckeditor/ckeditor",
            "version": "4.9.0",
            "source": {
                "type": "git",
                "url": "https://github.com/ckeditor/ckeditor-releases.git",
                "reference": "a8497c4d9c8b8b559ac1e2fb99b397fd2167ae27"
            },
            "dist": {
                "type": "zip",
                "url": "https://api.github.com/repos/ckeditor/ckeditor-releases/zipball/a8497c4d9c8b8b559ac1e2fb99b397fd2167ae27",
                "reference": "a8497c4d9c8b8b559ac1e2fb99b397fd2167ae27",
                "shasum": ""
            },
            "type": "library",
            "notification-url": "https://packagist.org/downloads/",
            "license": [
                "GPL-2.0+",
                "LGPL-2.1+",
                "MPL-1.1+"
            ],
            "authors": [
                {
                    "name": "CKSource",
                    "homepage": "http://cksource.com"
                }
            ],
            "description": "JavaScript WYSIWYG web text editor.",
            "homepage": "http://ckeditor.com",
            "keywords": [
                "CKEditor",
                "editor",
                "fckeditor",
                "html",
                "javascript",
                "richtext",
                "text",
                "wysiwyg"
            ],
            "time": "2018-03-15 07:19:37"
        },
        {
            "name": "easyrdf/easyrdf",
            "version": "0.9.1",
            "source": {
                "type": "git",
                "url": "https://github.com/njh/easyrdf.git",
                "reference": "acd09dfe0555fbcfa254291e433c45fdd4652566"
            },
            "dist": {
                "type": "zip",
                "url": "https://api.github.com/repos/njh/easyrdf/zipball/acd09dfe0555fbcfa254291e433c45fdd4652566",
                "reference": "acd09dfe0555fbcfa254291e433c45fdd4652566",
                "shasum": ""
            },
            "require": {
                "ext-mbstring": "*",
                "ext-pcre": "*",
                "php": ">=5.2.8"
            },
            "require-dev": {
                "phpunit/phpunit": "~3.5",
                "sami/sami": "~1.4",
                "squizlabs/php_codesniffer": "~1.4.3"
            },
            "suggest": {
                "ml/json-ld": "~1.0"
            },
            "type": "library",
            "autoload": {
                "psr-0": {
                    "EasyRdf_": "lib/"
                }
            },
            "notification-url": "https://packagist.org/downloads/",
            "license": [
                "BSD-3-Clause"
            ],
            "authors": [
                {
                    "name": "Nicholas Humfrey",
                    "email": "njh@aelius.com",
                    "homepage": "http://www.aelius.com/njh/",
                    "role": "Developer"
                },
                {
                    "name": "Alexey Zakhlestin",
                    "email": "indeyets@gmail.com",
                    "role": "Developer"
                }
            ],
            "description": "EasyRdf is a PHP library designed to make it easy to consume and produce RDF.",
            "homepage": "http://www.easyrdf.org/",
            "keywords": [
                "Linked Data",
                "RDF",
                "Semantic Web",
                "Turtle",
                "rdfa",
                "sparql"
            ],
            "time": "2015-02-27 09:45:49"
        },
        {
            "name": "ml/iri",
            "version": "1.1.4",
            "target-dir": "ML/IRI",
            "source": {
                "type": "git",
                "url": "https://github.com/lanthaler/IRI.git",
                "reference": "cbd44fa913e00ea624241b38cefaa99da8d71341"
            },
            "dist": {
                "type": "zip",
                "url": "https://api.github.com/repos/lanthaler/IRI/zipball/cbd44fa913e00ea624241b38cefaa99da8d71341",
                "reference": "cbd44fa913e00ea624241b38cefaa99da8d71341",
                "shasum": ""
            },
            "require": {
                "lib-pcre": ">=4.0",
                "php": ">=5.3.0"
            },
            "type": "library",
            "autoload": {
                "psr-0": {
                    "ML\\IRI": ""
                }
            },
            "notification-url": "https://packagist.org/downloads/",
            "license": [
                "MIT"
            ],
            "authors": [
                {
                    "name": "Markus Lanthaler",
                    "email": "mail@markus-lanthaler.com",
                    "homepage": "http://www.markus-lanthaler.com",
                    "role": "Developer"
                }
            ],
            "description": "IRI handling for PHP",
            "homepage": "http://www.markus-lanthaler.com",
            "keywords": [
                "URN",
                "iri",
                "uri",
                "url"
            ],
            "time": "2014-01-21 13:43:39"
        },
        {
            "name": "ml/json-ld",
            "version": "1.0.8",
            "target-dir": "ML/JsonLD",
            "source": {
                "type": "git",
                "url": "https://github.com/lanthaler/JsonLD.git",
                "reference": "da8efc590273f0420e79cb110778508875690bde"
            },
            "dist": {
                "type": "zip",
                "url": "https://api.github.com/repos/lanthaler/JsonLD/zipball/da8efc590273f0420e79cb110778508875690bde",
                "reference": "da8efc590273f0420e79cb110778508875690bde",
                "shasum": ""
            },
            "require": {
                "ext-json": "*",
                "ml/iri": "^1.1.1",
                "php": ">=5.3.0"
            },
            "require-dev": {
                "json-ld/tests": "1.0",
                "phpunit/phpunit": "^4"
            },
            "type": "library",
            "autoload": {
                "psr-0": {
                    "ML\\JsonLD": ""
                }
            },
            "notification-url": "https://packagist.org/downloads/",
            "license": [
                "MIT"
            ],
            "authors": [
                {
                    "name": "Markus Lanthaler",
                    "email": "mail@markus-lanthaler.com",
                    "homepage": "http://www.markus-lanthaler.com",
                    "role": "Developer"
                }
            ],
            "description": "JSON-LD Processor for PHP",
            "homepage": "http://www.markus-lanthaler.com",
            "keywords": [
                "JSON-LD",
                "jsonld"
            ],
            "time": "2018-01-28 12:53:52"
        },
        {
            "name": "phayes/geophp",
            "version": "1.2",
            "source": {
                "type": "git",
                "url": "https://github.com/phayes/geoPHP.git",
                "reference": "015404e85b602e0df1f91441f8db0f9e98f7e567"
            },
            "dist": {
                "type": "zip",
                "url": "https://api.github.com/repos/phayes/geoPHP/zipball/015404e85b602e0df1f91441f8db0f9e98f7e567",
                "reference": "015404e85b602e0df1f91441f8db0f9e98f7e567",
                "shasum": ""
            },
            "require-dev": {
                "phpunit/phpunit": "4.1.*"
            },
            "type": "library",
            "autoload": {
                "classmap": [
                    "geoPHP.inc"
                ]
            },
            "notification-url": "https://packagist.org/downloads/",
            "license": [
                "GPL-2 or New-BSD"
            ],
            "authors": [
                {
                    "name": "Patrick Hayes"
                }
            ],
            "description": "GeoPHP is a open-source native PHP library for doing geometry operations. It is written entirely in PHP and can therefore run on shared hosts. It can read and write a wide variety of formats: WKT (including EWKT), WKB (including EWKB), GeoJSON, KML, GPX, GeoRSS). It works with all Simple-Feature geometries (Point, LineString, Polygon, GeometryCollection etc.) and can be used to get centroids, bounding-boxes, area, and a wide variety of other useful information.",
            "homepage": "https://github.com/phayes/geoPHP",
            "time": "2014-12-02 06:11:22"
        },
        {
            "name": "smarty/smarty",
            "version": "v3.1.31",
            "source": {
                "type": "git",
                "url": "https://github.com/smarty-php/smarty.git",
                "reference": "c7d42e4a327c402897dd587871434888fde1e7a9"
            },
            "dist": {
                "type": "zip",
                "url": "https://api.github.com/repos/smarty-php/smarty/zipball/c7d42e4a327c402897dd587871434888fde1e7a9",
                "reference": "c7d42e4a327c402897dd587871434888fde1e7a9",
                "shasum": ""
            },
            "require": {
                "php": ">=5.2"
            },
            "type": "library",
            "extra": {
                "branch-alias": {
                    "dev-master": "3.1.x-dev"
                }
            },
            "autoload": {
                "files": [
                    "libs/bootstrap.php"
                ]
            },
            "notification-url": "https://packagist.org/downloads/",
            "license": [
                "LGPL-3.0"
            ],
            "authors": [
                {
                    "name": "Monte Ohrt",
                    "email": "monte@ohrt.com"
                },
                {
                    "name": "Uwe Tews",
                    "email": "uwe.tews@googlemail.com"
                },
                {
                    "name": "Rodney Rehm",
                    "email": "rodney.rehm@medialize.de"
                }
            ],
            "description": "Smarty - the compiling PHP template engine",
            "homepage": "http://www.smarty.net",
            "keywords": [
                "templating"
            ],
            "time": "2016-12-14 21:57:25"
        },
        {
            "name": "solarium/solarium",
            "version": "3.8.1",
            "source": {
                "type": "git",
                "url": "https://github.com/solariumphp/solarium.git",
                "reference": "c353babec89fdbe8c64054bfec8e77bcb5da6705"
            },
            "dist": {
                "type": "zip",
                "url": "https://api.github.com/repos/solariumphp/solarium/zipball/c353babec89fdbe8c64054bfec8e77bcb5da6705",
                "reference": "c353babec89fdbe8c64054bfec8e77bcb5da6705",
                "shasum": ""
            },
            "require": {
                "php": ">=5.3.2",
                "symfony/event-dispatcher": "~2.3|~3.0"
            },
            "require-dev": {
                "guzzlehttp/guzzle": "^3.8 || ^6.2",
                "phpunit/phpunit": "~3.7",
                "satooshi/php-coveralls": "~1.0",
                "squizlabs/php_codesniffer": "~1.4",
                "zendframework/zendframework1": "~1.12"
            },
            "suggest": {
                "minimalcode/search": "Query builder compatible with Solarium, allows simplified solr-query handling"
            },
            "type": "library",
            "extra": {
                "branch-alias": {
                    "dev-develop": "3.3.x-dev"
                }
            },
            "autoload": {
                "psr-0": {
                    "Solarium\\": "library/"
                }
            },
            "notification-url": "https://packagist.org/downloads/",
            "license": [
                "BSD-3-Clause"
            ],
            "authors": [
                {
                    "name": "See GitHub contributors",
                    "homepage": "https://github.com/basdenooijer/solarium/contributors"
                }
            ],
            "description": "PHP Solr client",
            "homepage": "http://www.solarium-project.org",
            "keywords": [
                "php",
                "search",
                "solr"
            ],
            "time": "2017-02-02 13:32:22"
        },
        {
            "name": "symfony/event-dispatcher",
            "version": "v3.4.6",
            "source": {
                "type": "git",
                "url": "https://github.com/symfony/event-dispatcher.git",
                "reference": "58990682ac3fdc1f563b7e705452921372aad11d"
            },
            "dist": {
                "type": "zip",
                "url": "https://api.github.com/repos/symfony/event-dispatcher/zipball/58990682ac3fdc1f563b7e705452921372aad11d",
                "reference": "58990682ac3fdc1f563b7e705452921372aad11d",
                "shasum": ""
            },
            "require": {
                "php": "^5.5.9|>=7.0.8"
            },
            "conflict": {
                "symfony/dependency-injection": "<3.3"
            },
            "require-dev": {
                "psr/log": "~1.0",
                "symfony/config": "~2.8|~3.0|~4.0",
                "symfony/dependency-injection": "~3.3|~4.0",
                "symfony/expression-language": "~2.8|~3.0|~4.0",
                "symfony/stopwatch": "~2.8|~3.0|~4.0"
            },
            "suggest": {
                "symfony/dependency-injection": "",
                "symfony/http-kernel": ""
            },
            "type": "library",
            "extra": {
                "branch-alias": {
                    "dev-master": "3.4-dev"
                }
            },
            "autoload": {
                "psr-4": {
                    "Symfony\\Component\\EventDispatcher\\": ""
                },
                "exclude-from-classmap": [
                    "/Tests/"
                ]
            },
            "notification-url": "https://packagist.org/downloads/",
            "license": [
                "MIT"
            ],
            "authors": [
                {
                    "name": "Fabien Potencier",
                    "email": "fabien@symfony.com"
                },
                {
                    "name": "Symfony Community",
                    "homepage": "https://symfony.com/contributors"
                }
            ],
            "description": "Symfony EventDispatcher Component",
            "homepage": "https://symfony.com",
            "time": "2018-02-14 10:03:57"
        }
    ],
    "packages-dev": [],
    "aliases": [],
    "minimum-stability": "stable",
    "stability-flags": [],
    "prefer-stable": false,
    "prefer-lowest": false,
    "platform": [],
    "platform-dev": []
}
